
Microsoft Visual Studio Solution File, Format Version 12.00
# Visual Studio Version 17
VisualStudioVersion = 17.1.32421.90
MinimumVisualStudioVersion = 10.0.40219.1
Project("{FAE04EC0-301F-11D3-BF4B-00C04F79EFBC}") = "snake", "snake\snake.csproj", "{4092426F-6600-4D7F-808E-9A6E0668DB7C}"
EndProject
Global
	GlobalSection(SolutionConfigurationPlatforms) = preSolution
		Debug|Any CPU = Debug|Any CPU
		Release|Any CPU = Release|Any CPU
	EndGlobalSection
	GlobalSection(ProjectConfigurationPlatforms) = postSolution
		{4092426F-6600-4D7F-808E-9A6E0668DB7C}.Debug|Any CPU.ActiveCfg = Debug|Any CPU
		{4092426F-6600-4D7F-808E-9A6E0668DB7C}.Debug|Any CPU.Build.0 = Debug|Any CPU
		{4092426F-6600-4D7F-808E-9A6E0668DB7C}.Release|Any CPU.ActiveCfg = Release|Any CPU
		{4092426F-6600-4D7F-808E-9A6E0668DB7C}.Release|Any CPU.Build.0 = Release|Any CPU
	EndGlobalSection
	GlobalSection(SolutionProperties) = preSolution
		HideSolutionNode = FALSE
	EndGlobalSection
	GlobalSection(ExtensibilityGlobals) = postSolution
		SolutionGuid = {D6650473-78C6-4B96-8AF3-58F4E9A289F9}
	EndGlobalSection
EndGlobal
